
Microsoft Visual Studio Solution File, Format Version 12.00
# Visual Studio Version 17
VisualStudioVersion = 17.3.32929.385
MinimumVisualStudioVersion = 10.0.40219.1
Project("{FAE04EC0-301F-11D3-BF4B-00C04F79EFBC}") = "ALBAITAR_Softvet", "ALBAITAR_Softvet.csproj", "{D030C8E0-BED5-445C-B12C-758CD7F1BAA3}"
EndProject
Global
	GlobalSection(SolutionConfigurationPlatforms) = preSolution
		Debug|Any CPU = Debug|Any CPU
		Release|Any CPU = Release|Any CPU
	EndGlobalSection
	GlobalSection(ProjectConfigurationPlatforms) = postSolution
		{D030C8E0-BED5-445C-B12C-758CD7F1BAA3}.Debug|Any CPU.ActiveCfg = Debug|Any CPU
		{D030C8E0-BED5-445C-B12C-758CD7F1BAA3}.Debug|Any CPU.Build.0 = Debug|Any CPU
		{D030C8E0-BED5-445C-B12C-758CD7F1BAA3}.Release|Any CPU.ActiveCfg = Release|Any CPU
		{D030C8E0-BED5-445C-B12C-758CD7F1BAA3}.Release|Any CPU.Build.0 = Release|Any CPU
	EndGlobalSection
	GlobalSection(SolutionProperties) = preSolution
		HideSolutionNode = FALSE
	EndGlobalSection
	GlobalSection(ExtensibilityGlobals) = postSolution
		SolutionGuid = {F1DE3B53-D4D1-445C-8C5E-2F9C2CCDFEC1}
	EndGlobalSection
EndGlobal
